
Microsoft Visual Studio Solution File, Format Version 12.00
# Visual Studio Version 17
VisualStudioVersion = 17.4.33213.308
MinimumVisualStudioVersion = 10.0.40219.1
Project("{FAE04EC0-301F-11D3-BF4B-00C04F79EFBC}") = "Projet_C_sharp", "Projet_C_sharp.csproj", "{98EBE7C9-571D-4EBD-A175-8E9CCD241557}"
EndProject
Global
	GlobalSection(SolutionConfigurationPlatforms) = preSolution
		Debug|Any CPU = Debug|Any CPU
		Release|Any CPU = Release|Any CPU
	EndGlobalSection
	GlobalSection(ProjectConfigurationPlatforms) = postSolution
		{98EBE7C9-571D-4EBD-A175-8E9CCD241557}.Debug|Any CPU.ActiveCfg = Debug|Any CPU
		{98EBE7C9-571D-4EBD-A175-8E9CCD241557}.Debug|Any CPU.Build.0 = Debug|Any CPU
		{98EBE7C9-571D-4EBD-A175-8E9CCD241557}.Release|Any CPU.ActiveCfg = Release|Any CPU
		{98EBE7C9-571D-4EBD-A175-8E9CCD241557}.Release|Any CPU.Build.0 = Release|Any CPU
	EndGlobalSection
	GlobalSection(SolutionProperties) = preSolution
		HideSolutionNode = FALSE
	EndGlobalSection
	GlobalSection(ExtensibilityGlobals) = postSolution
		SolutionGuid = {AACA3EAC-F14F-4C9D-85EE-B908396150FF}
	EndGlobalSection
EndGlobal
